# THIS IS AN AUTOGENERATED FILE. DO NOT EDIT THIS FILE DIRECTLY.
# yarn lockfile v1


lua@^0.0.1:
  version "0.0.1"
  resolved "https://registry.yarnpkg.com/lua/-/lua-0.0.1.tgz#ba1db222d49fcd79cc1b48ddd80fe75f579778bf"
  integrity sha512-DZ5vkxBtGt+a8ZuZUAJivOcTORmZybkWM0ToEWFCbiNp2G0k6ueKzBMjkMKhxkGbyqEAEz3s158vdmn2jZJXeQ==

luaparse@^0.3.1:
  version "0.3.1"
  resolved "https://registry.yarnpkg.com/luaparse/-/luaparse-0.3.1.tgz#0899fe5ff5ad3ccd3166632027d150b91291b330"
  integrity sha512-b21h2bFEbtGXmVqguHogbyrMAA0wOHyp9u/rx+w6Yc9pW1t9YjhGUsp87lYcp7pFRqSWN/PhFkrdIqKEUzRjjQ==
