# THIS IS AN AUTOGENERATED FILE. DO NOT EDIT THIS FILE DIRECTLY.
# yarn lockfile v1


"@prisma/engines@5.3.1":
  version "5.3.1"
  resolved "https://registry.yarnpkg.com/@prisma/engines/-/engines-5.3.1.tgz#53cc72a5ed176dc27d22305fe5569c64cc78b381"
  integrity sha512-6QkILNyfeeN67BNEPEtkgh3Xo2tm6D7V+UhrkBbRHqKw9CTaz/vvTP/ROwYSP/3JT2MtIutZm/EnhxUiuOPVDA==

prisma@^5.3.1:
  version "5.3.1"
  resolved "https://registry.yarnpkg.com/prisma/-/prisma-5.3.1.tgz#a0932c1c1a5ed4ff449d064b193d9c7e94e8bf77"
  integrity sha512-Wp2msQIlMPHe+5k5Od6xnsI/WNG7UJGgFUJgqv/ygc7kOECZapcSz/iU4NIEzISs3H1W9sFLjAPbg/gOqqtB7A==
  dependencies:
    "@prisma/engines" "5.3.1"
